// !$*UTF8*$!
{
	archiveVersion = 1;
	classes = {
	};
	objectVersion = 51;
	objects = {

/* Begin PBXBuildFile section */
		1853413D26AC23470027C0F3 /* UIImageExt.swift in Sources */ = {isa = PBXBuildFile; fileRef = 1853413C26AC23470027C0F3 /* UIImageExt.swift */; };
		1853414226AC46EF0027C0F3 /* MapKitAnnotationCellViewController.swift in Sources */ = {isa = PBXBuildFile; fileRef = 1853414026AC46EF0027C0F3 /* MapKitAnnotationCellViewController.swift */; };
		1853414326AC46EF0027C0F3 /* MapKitAnnotationCellViewController.xib in Resources */ = {isa = PBXBuildFile; fileRef = 1853414126AC46EF0027C0F3 /* MapKitAnnotationCellViewController.xib */; };
		1853414526AC472C0027C0F3 /* Job.swift in Sources */ = {isa = PBXBuildFile; fileRef = 1853414426AC472C0027C0F3 /* Job.swift */; };
		1853414826AC68F90027C0F3 /* DummyCollectionViewCell.swift in Sources */ = {isa = PBXBuildFile; fileRef = 1853414626AC68F90027C0F3 /* DummyCollectionViewCell.swift */; };
		1853414926AC68F90027C0F3 /* DummyCollectionViewCell.xib in Resources */ = {isa = PBXBuildFile; fileRef = 1853414726AC68F90027C0F3 /* DummyCollectionViewCell.xib */; };
		1854605326AD2AB000ABCF84 /* Utility.swift in Sources */ = {isa = PBXBuildFile; fileRef = 1854605226AD2AB000ABCF84 /* Utility.swift */; };
		185D12BB26A7C09000F6105C /* AppDelegate.swift in Sources */ = {isa = PBXBuildFile; fileRef = 185D12BA26A7C09000F6105C /* AppDelegate.swift */; };
		185D12BD26A7C09000F6105C /* SceneDelegate.swift in Sources */ = {isa = PBXBuildFile; fileRef = 185D12BC26A7C09000F6105C /* SceneDelegate.swift */; };
		185D12C426A7C09100F6105C /* Assets.xcassets in Resources */ = {isa = PBXBuildFile; fileRef = 185D12C326A7C09100F6105C /* Assets.xcassets */; };
		185D12C726A7C09100F6105C /* LaunchScreen.storyboard in Resources */ = {isa = PBXBuildFile; fileRef = 185D12C526A7C09100F6105C /* LaunchScreen.storyboard */; };
		189FC4AB26B69B9000662C88 /* Network.swift in Sources */ = {isa = PBXBuildFile; fileRef = 189FC4AA26B69B9000662C88 /* Network.swift */; };
		189FC4AD26B69D5500662C88 /* Constant.swift in Sources */ = {isa = PBXBuildFile; fileRef = 189FC4AC26B69D5500662C88 /* Constant.swift */; };
		18B7273426B90F760005DBCA /* HomeVM.swift in Sources */ = {isa = PBXBuildFile; fileRef = 18B7273326B90F760005DBCA /* HomeVM.swift */; };
		18BEF23D26A911E10029CEA1 /* HomeVC.swift in Sources */ = {isa = PBXBuildFile; fileRef = 18BEF23B26A911E10029CEA1 /* HomeVC.swift */; };
		18BEF23E26A911E10029CEA1 /* HomeVC.xib in Resources */ = {isa = PBXBuildFile; fileRef = 18BEF23C26A911E10029CEA1 /* HomeVC.xib */; };
		25E12764C12E9A95857C67A9 /* Pods_Serabutan.framework in Frameworks */ = {isa = PBXBuildFile; fileRef = FC9D7DBC44E66EA83F59169B /* Pods_Serabutan.framework */; };
		79E67E7826B1B2410009F3C6 /* RatingReviewVC.swift in Sources */ = {isa = PBXBuildFile; fileRef = 79E67E7626B1B2410009F3C6 /* RatingReviewVC.swift */; };
		79E67E7926B1B2410009F3C6 /* RatingReviewVC.xib in Resources */ = {isa = PBXBuildFile; fileRef = 79E67E7726B1B2410009F3C6 /* RatingReviewVC.xib */; };
		90584E2026B274A7004C225B /* ProfileVC.swift in Sources */ = {isa = PBXBuildFile; fileRef = 90584E1E26B274A7004C225B /* ProfileVC.swift */; };
		90584E2126B274A7004C225B /* ProfileVC.xib in Resources */ = {isa = PBXBuildFile; fileRef = 90584E1F26B274A7004C225B /* ProfileVC.xib */; };
		907F9DCB26B6515B00EF9F51 /* ColorLibrary.swift in Sources */ = {isa = PBXBuildFile; fileRef = 907F9DCA26B6515B00EF9F51 /* ColorLibrary.swift */; };
		907F9DCD26B65C8200EF9F51 /* CustomBorder.swift in Sources */ = {isa = PBXBuildFile; fileRef = 907F9DCC26B65C8200EF9F51 /* CustomBorder.swift */; };
		907F9DCF26B6625A00EF9F51 /* Review.swift in Sources */ = {isa = PBXBuildFile; fileRef = 907F9DCE26B6625A00EF9F51 /* Review.swift */; };
		907F9DD126B6A92E00EF9F51 /* DummyData.swift in Sources */ = {isa = PBXBuildFile; fileRef = 907F9DD026B6A92E00EF9F51 /* DummyData.swift */; };
		907F9DD426B6C5ED00EF9F51 /* EditProfileVC.swift in Sources */ = {isa = PBXBuildFile; fileRef = 907F9DD226B6C5ED00EF9F51 /* EditProfileVC.swift */; };
		907F9DD526B6C5ED00EF9F51 /* EditProfileVC.xib in Resources */ = {isa = PBXBuildFile; fileRef = 907F9DD326B6C5ED00EF9F51 /* EditProfileVC.xib */; };
		9083DB1826B7913B00D1E75F /* ImageHelper.swift in Sources */ = {isa = PBXBuildFile; fileRef = 9083DB1726B7913B00D1E75F /* ImageHelper.swift */; };
		9083DB1A26B7B27300D1E75F /* UserProfile.swift in Sources */ = {isa = PBXBuildFile; fileRef = 9083DB1926B7B27300D1E75F /* UserProfile.swift */; };
		9083DB1C26B7B4DF00D1E75F /* ProfileStatistic.swift in Sources */ = {isa = PBXBuildFile; fileRef = 9083DB1B26B7B4DF00D1E75F /* ProfileStatistic.swift */; };
		90DCB12F26B6EAC4002145C1 /* CustomStackView.swift in Sources */ = {isa = PBXBuildFile; fileRef = 90DCB12E26B6EAC4002145C1 /* CustomStackView.swift */; };
		90E9C98826B39DE500165319 /* ReviewTableViewCell.swift in Sources */ = {isa = PBXBuildFile; fileRef = 90E9C98626B39DE500165319 /* ReviewTableViewCell.swift */; };
		90E9C98926B39DE500165319 /* ReviewTableViewCell.xib in Resources */ = {isa = PBXBuildFile; fileRef = 90E9C98726B39DE500165319 /* ReviewTableViewCell.xib */; };
		90F3A4E126B8E404001946E1 /* FontLibrary.swift in Sources */ = {isa = PBXBuildFile; fileRef = 90F3A4E026B8E404001946E1 /* FontLibrary.swift */; };
		C7377C5C26B981C5004A8C28 /* LeftAlignedCollectionViewFlowLayout.swift in Sources */ = {isa = PBXBuildFile; fileRef = C7377C5B26B981C5004A8C28 /* LeftAlignedCollectionViewFlowLayout.swift */; };
		C7377C5E26B98A72004A8C28 /* CollectionViewAutoLayout.swift in Sources */ = {isa = PBXBuildFile; fileRef = C7377C5D26B98A72004A8C28 /* CollectionViewAutoLayout.swift */; };
		C7377C6026B98B42004A8C28 /* CustomViewFlowLayout.swift in Sources */ = {isa = PBXBuildFile; fileRef = C7377C5F26B98B42004A8C28 /* CustomViewFlowLayout.swift */; };
		C742289E26B9B10D003DD169 /* NewAssistanceExtension.swift in Sources */ = {isa = PBXBuildFile; fileRef = C742289D26B9B10D003DD169 /* NewAssistanceExtension.swift */; };
		C74228A126BA3E9F003DD169 /* ActivityVC.swift in Sources */ = {isa = PBXBuildFile; fileRef = C742289F26BA3E9F003DD169 /* ActivityVC.swift */; };
		C74228A226BA3E9F003DD169 /* ActivityVC.xib in Resources */ = {isa = PBXBuildFile; fileRef = C74228A026BA3E9F003DD169 /* ActivityVC.xib */; };
		C74228A726BA3ECF003DD169 /* OngoingActivityVC.swift in Sources */ = {isa = PBXBuildFile; fileRef = C74228A526BA3ECF003DD169 /* OngoingActivityVC.swift */; };
		C74228A826BA3ECF003DD169 /* OngoingActivityVC.xib in Resources */ = {isa = PBXBuildFile; fileRef = C74228A626BA3ECF003DD169 /* OngoingActivityVC.xib */; };
		C74228AB26BA3EE8003DD169 /* HistoryActivityVC.swift in Sources */ = {isa = PBXBuildFile; fileRef = C74228A926BA3EE8003DD169 /* HistoryActivityVC.swift */; };
		C74228AC26BA3EE8003DD169 /* HistoryActivityVC.xib in Resources */ = {isa = PBXBuildFile; fileRef = C74228AA26BA3EE8003DD169 /* HistoryActivityVC.xib */; };
		C744D7DE26B2D324009E36B7 /* AssistanceTableViewStyling.swift in Sources */ = {isa = PBXBuildFile; fileRef = C744D7DD26B2D324009E36B7 /* AssistanceTableViewStyling.swift */; };
		C744D7E526B2DA49009E36B7 /* FilterPopUpVC.swift in Sources */ = {isa = PBXBuildFile; fileRef = C744D7E326B2DA49009E36B7 /* FilterPopUpVC.swift */; };
		C744D7E626B2DA49009E36B7 /* FilterPopUpVC.xib in Resources */ = {isa = PBXBuildFile; fileRef = C744D7E426B2DA49009E36B7 /* FilterPopUpVC.xib */; };
		C744D7E826B2F127009E36B7 /* FilterPopUpConfig.swift in Sources */ = {isa = PBXBuildFile; fileRef = C744D7E726B2F127009E36B7 /* FilterPopUpConfig.swift */; };
		C75E13EC26B85917007BEF41 /* AssistanceListConfig.swift in Sources */ = {isa = PBXBuildFile; fileRef = C75E13EB26B85917007BEF41 /* AssistanceListConfig.swift */; };
		C75E13F526B906BC007BEF41 /* TagCell.swift in Sources */ = {isa = PBXBuildFile; fileRef = C75E13F326B906BC007BEF41 /* TagCell.swift */; };
		C75E13F626B906BC007BEF41 /* TagCell.xib in Resources */ = {isa = PBXBuildFile; fileRef = C75E13F426B906BC007BEF41 /* TagCell.xib */; };
		C75E13FB26B973B4007BEF41 /* FlowLayout.swift in Sources */ = {isa = PBXBuildFile; fileRef = C75E13FA26B973B4007BEF41 /* FlowLayout.swift */; };
		C76047C026AF3CBB00535995 /* AssistanceListNavigationConfig.swift in Sources */ = {isa = PBXBuildFile; fileRef = C76047BF26AF3CBB00535995 /* AssistanceListNavigationConfig.swift */; };
		C79063E626B3B40B00AE7687 /* NewAssistancePicker.swift in Sources */ = {isa = PBXBuildFile; fileRef = C79063E526B3B40B00AE7687 /* NewAssistancePicker.swift */; };
		C79063E826B3BE7500AE7687 /* NewAssistanCollectionViewConfig.swift in Sources */ = {isa = PBXBuildFile; fileRef = C79063E726B3BE7500AE7687 /* NewAssistanCollectionViewConfig.swift */; };
		C7CCC24526B199DD0005FFE3 /* NewAssistanceVC.swift in Sources */ = {isa = PBXBuildFile; fileRef = C7CCC24326B199DD0005FFE3 /* NewAssistanceVC.swift */; };
		C7CCC24626B199DD0005FFE3 /* NewAssistanceVC.xib in Resources */ = {isa = PBXBuildFile; fileRef = C7CCC24426B199DD0005FFE3 /* NewAssistanceVC.xib */; };
		C7CCC24826B19A660005FFE3 /* NewAssistanceStyle.swift in Sources */ = {isa = PBXBuildFile; fileRef = C7CCC24726B19A660005FFE3 /* NewAssistanceStyle.swift */; };
		C7CCC24C26B1DB590005FFE3 /* AssistanceListVC.swift in Sources */ = {isa = PBXBuildFile; fileRef = C7CCC24A26B1DB590005FFE3 /* AssistanceListVC.swift */; };
		C7CCC24D26B1DB590005FFE3 /* AssistanceListVC.xib in Resources */ = {isa = PBXBuildFile; fileRef = C7CCC24B26B1DB590005FFE3 /* AssistanceListVC.xib */; };
		C7CCC25026B1DBD80005FFE3 /* AssistanceTableViewCell.swift in Sources */ = {isa = PBXBuildFile; fileRef = C7CCC24E26B1DBD80005FFE3 /* AssistanceTableViewCell.swift */; };
		C7CCC25126B1DBD80005FFE3 /* AssistanceTableViewCell.xib in Resources */ = {isa = PBXBuildFile; fileRef = C7CCC24F26B1DBD80005FFE3 /* AssistanceTableViewCell.xib */; };
		C7CCC25326B2490F0005FFE3 /* AssistanceListTableConfig.swift in Sources */ = {isa = PBXBuildFile; fileRef = C7CCC25226B2490F0005FFE3 /* AssistanceListTableConfig.swift */; };
		C7CCC25526B26CFA0005FFE3 /* AssistanceTableConfig.swift in Sources */ = {isa = PBXBuildFile; fileRef = C7CCC25426B26CFA0005FFE3 /* AssistanceTableConfig.swift */; };
		C7D7AE4326AC97F1000478AA /* TagCollectionViewCell.swift in Sources */ = {isa = PBXBuildFile; fileRef = C7D7AE4126AC97F1000478AA /* TagCollectionViewCell.swift */; };
		C7D7AE4426AC97F1000478AA /* TagCollectionViewCell.xib in Resources */ = {isa = PBXBuildFile; fileRef = C7D7AE4226AC97F1000478AA /* TagCollectionViewCell.xib */; };
		C7D7AE4626AE4E83000478AA /* Enum.swift in Sources */ = {isa = PBXBuildFile; fileRef = C7D7AE4526AE4E83000478AA /* Enum.swift */; };
		C7D7AE4826AE5040000478AA /* BantuanModel.swift in Sources */ = {isa = PBXBuildFile; fileRef = C7D7AE4726AE5040000478AA /* BantuanModel.swift */; };
		C7FE979A26BA65F900B27160 /* StringFormatter.swift in Sources */ = {isa = PBXBuildFile; fileRef = C7FE979926BA65F900B27160 /* StringFormatter.swift */; };
/* End PBXBuildFile section */

/* Begin PBXFileReference section */
		1853413C26AC23470027C0F3 /* UIImageExt.swift */ = {isa = PBXFileReference; lastKnownFileType = sourcecode.swift; name = UIImageExt.swift; path = Serabutan/Helper/UIImageExt.swift; sourceTree = SOURCE_ROOT; };
		1853414026AC46EF0027C0F3 /* MapKitAnnotationCellViewController.swift */ = {isa = PBXFileReference; lastKnownFileType = sourcecode.swift; name = MapKitAnnotationCellViewController.swift; path = Serabutan/Components/MapKitAnnotation/MapKitAnnotationCellViewController.swift; sourceTree = SOURCE_ROOT; };
		1853414126AC46EF0027C0F3 /* MapKitAnnotationCellViewController.xib */ = {isa = PBXFileReference; lastKnownFileType = file.xib; name = MapKitAnnotationCellViewController.xib; path = Serabutan/Components/MapKitAnnotation/MapKitAnnotationCellViewController.xib; sourceTree = SOURCE_ROOT; };
		1853414426AC472C0027C0F3 /* Job.swift */ = {isa = PBXFileReference; lastKnownFileType = sourcecode.swift; name = Job.swift; path = Serabutan/Features/Model/Job.swift; sourceTree = SOURCE_ROOT; };
		1853414626AC68F90027C0F3 /* DummyCollectionViewCell.swift */ = {isa = PBXFileReference; lastKnownFileType = sourcecode.swift; name = DummyCollectionViewCell.swift; path = Serabutan/Components/MapKitAnnotation/DummyCollectionViewCell.swift; sourceTree = SOURCE_ROOT; };
		1853414726AC68F90027C0F3 /* DummyCollectionViewCell.xib */ = {isa = PBXFileReference; lastKnownFileType = file.xib; name = DummyCollectionViewCell.xib; path = Serabutan/Components/MapKitAnnotation/DummyCollectionViewCell.xib; sourceTree = SOURCE_ROOT; };
		1854605226AD2AB000ABCF84 /* Utility.swift */ = {isa = PBXFileReference; lastKnownFileType = sourcecode.swift; name = Utility.swift; path = Serabutan/Helper/Utility.swift; sourceTree = SOURCE_ROOT; };
		185D12B726A7C09000F6105C /* Serabutan.app */ = {isa = PBXFileReference; explicitFileType = wrapper.application; includeInIndex = 0; path = Serabutan.app; sourceTree = BUILT_PRODUCTS_DIR; };
		185D12BA26A7C09000F6105C /* AppDelegate.swift */ = {isa = PBXFileReference; lastKnownFileType = sourcecode.swift; path = AppDelegate.swift; sourceTree = "<group>"; };
		185D12BC26A7C09000F6105C /* SceneDelegate.swift */ = {isa = PBXFileReference; lastKnownFileType = sourcecode.swift; path = SceneDelegate.swift; sourceTree = "<group>"; };
		185D12C326A7C09100F6105C /* Assets.xcassets */ = {isa = PBXFileReference; lastKnownFileType = folder.assetcatalog; path = Assets.xcassets; sourceTree = "<group>"; };
		185D12C626A7C09100F6105C /* Base */ = {isa = PBXFileReference; lastKnownFileType = file.storyboard; name = Base; path = Base.lproj/LaunchScreen.storyboard; sourceTree = "<group>"; };
		185D12C826A7C09100F6105C /* Info.plist */ = {isa = PBXFileReference; lastKnownFileType = text.plist.xml; path = Info.plist; sourceTree = "<group>"; };
		189FC4AA26B69B9000662C88 /* Network.swift */ = {isa = PBXFileReference; lastKnownFileType = sourcecode.swift; name = Network.swift; path = Serabutan/Service/Network/Network.swift; sourceTree = SOURCE_ROOT; };
		189FC4AC26B69D5500662C88 /* Constant.swift */ = {isa = PBXFileReference; lastKnownFileType = sourcecode.swift; name = Constant.swift; path = Serabutan/Helper/Constant.swift; sourceTree = SOURCE_ROOT; };
		18B7273326B90F760005DBCA /* HomeVM.swift */ = {isa = PBXFileReference; fileEncoding = 4; lastKnownFileType = sourcecode.swift; path = HomeVM.swift; sourceTree = "<group>"; };
		18BEF23B26A911E10029CEA1 /* HomeVC.swift */ = {isa = PBXFileReference; lastKnownFileType = sourcecode.swift; name = HomeVC.swift; path = Serabutan/Features/View/HomeVC.swift; sourceTree = SOURCE_ROOT; };
		18BEF23C26A911E10029CEA1 /* HomeVC.xib */ = {isa = PBXFileReference; lastKnownFileType = file.xib; name = HomeVC.xib; path = Serabutan/Features/View/HomeVC.xib; sourceTree = SOURCE_ROOT; };
		18BEF23B26A911E10029CEA1 /* HomeVC.swift */ = {isa = PBXFileReference; lastKnownFileType = sourcecode.swift; name = HomeVC.swift; path = Serabutan/Features/View/Home/HomeVC.swift; sourceTree = SOURCE_ROOT; };
		18BEF23C26A911E10029CEA1 /* HomeVC.xib */ = {isa = PBXFileReference; lastKnownFileType = file.xib; name = HomeVC.xib; path = Serabutan/Features/View/Home/HomeVC.xib; sourceTree = SOURCE_ROOT; };
		79E67E7626B1B2410009F3C6 /* RatingReviewVC.swift */ = {isa = PBXFileReference; lastKnownFileType = sourcecode.swift; name = RatingReviewVC.swift; path = serabutan/Features/View/RatingReview/RatingReviewVC.swift; sourceTree = SOURCE_ROOT; };
		79E67E7726B1B2410009F3C6 /* RatingReviewVC.xib */ = {isa = PBXFileReference; lastKnownFileType = file.xib; name = RatingReviewVC.xib; path = serabutan/Features/View/RatingReview/RatingReviewVC.xib; sourceTree = SOURCE_ROOT; };
		8CE000EDDAF48E365323C7C4 /* Pods-Serabutan.release.xcconfig */ = {isa = PBXFileReference; includeInIndex = 1; lastKnownFileType = text.xcconfig; name = "Pods-Serabutan.release.xcconfig"; path = "Target Support Files/Pods-Serabutan/Pods-Serabutan.release.xcconfig"; sourceTree = "<group>"; };
		90584E1E26B274A7004C225B /* ProfileVC.swift */ = {isa = PBXFileReference; lastKnownFileType = sourcecode.swift; name = ProfileVC.swift; path = Serabutan/Features/View/Profile/ProfileVC.swift; sourceTree = SOURCE_ROOT; };
		90584E1F26B274A7004C225B /* ProfileVC.xib */ = {isa = PBXFileReference; lastKnownFileType = file.xib; name = ProfileVC.xib; path = Serabutan/Features/View/Profile/ProfileVC.xib; sourceTree = SOURCE_ROOT; };
		907F9DCA26B6515B00EF9F51 /* ColorLibrary.swift */ = {isa = PBXFileReference; lastKnownFileType = sourcecode.swift; name = ColorLibrary.swift; path = Serabutan/Components/Styling/ColorLibrary.swift; sourceTree = SOURCE_ROOT; };
		907F9DCC26B65C8200EF9F51 /* CustomBorder.swift */ = {isa = PBXFileReference; lastKnownFileType = sourcecode.swift; name = CustomBorder.swift; path = Serabutan/Components/Styling/CustomBorder.swift; sourceTree = SOURCE_ROOT; };
		907F9DCE26B6625A00EF9F51 /* Review.swift */ = {isa = PBXFileReference; lastKnownFileType = sourcecode.swift; name = Review.swift; path = Serabutan/Features/Model/Review.swift; sourceTree = SOURCE_ROOT; };
		907F9DD026B6A92E00EF9F51 /* DummyData.swift */ = {isa = PBXFileReference; lastKnownFileType = sourcecode.swift; name = DummyData.swift; path = Serabutan/Features/Model/DummyData.swift; sourceTree = SOURCE_ROOT; };
		907F9DD226B6C5ED00EF9F51 /* EditProfileVC.swift */ = {isa = PBXFileReference; lastKnownFileType = sourcecode.swift; name = EditProfileVC.swift; path = Serabutan/Features/View/Profile/EditProfileVC.swift; sourceTree = SOURCE_ROOT; };
		907F9DD326B6C5ED00EF9F51 /* EditProfileVC.xib */ = {isa = PBXFileReference; lastKnownFileType = file.xib; name = EditProfileVC.xib; path = Serabutan/Features/View/Profile/EditProfileVC.xib; sourceTree = SOURCE_ROOT; };
		9083DB1726B7913B00D1E75F /* ImageHelper.swift */ = {isa = PBXFileReference; lastKnownFileType = sourcecode.swift; name = ImageHelper.swift; path = Serabutan/Helper/ImageHelper.swift; sourceTree = SOURCE_ROOT; };
		9083DB1926B7B27300D1E75F /* UserProfile.swift */ = {isa = PBXFileReference; lastKnownFileType = sourcecode.swift; name = UserProfile.swift; path = Serabutan/Features/Model/UserProfile.swift; sourceTree = SOURCE_ROOT; };
		9083DB1B26B7B4DF00D1E75F /* ProfileStatistic.swift */ = {isa = PBXFileReference; lastKnownFileType = sourcecode.swift; name = ProfileStatistic.swift; path = Serabutan/Features/Model/ProfileStatistic.swift; sourceTree = SOURCE_ROOT; };
		90DCB12E26B6EAC4002145C1 /* CustomStackView.swift */ = {isa = PBXFileReference; lastKnownFileType = sourcecode.swift; name = CustomStackView.swift; path = Serabutan/Components/Styling/CustomStackView.swift; sourceTree = SOURCE_ROOT; };
		90E9C98626B39DE500165319 /* ReviewTableViewCell.swift */ = {isa = PBXFileReference; lastKnownFileType = sourcecode.swift; name = ReviewTableViewCell.swift; path = Serabutan/Features/View/Profile/ReviewTableViewCell.swift; sourceTree = SOURCE_ROOT; };
		90E9C98726B39DE500165319 /* ReviewTableViewCell.xib */ = {isa = PBXFileReference; lastKnownFileType = file.xib; name = ReviewTableViewCell.xib; path = Serabutan/Features/View/Profile/ReviewTableViewCell.xib; sourceTree = SOURCE_ROOT; };
		90F3A4E026B8E404001946E1 /* FontLibrary.swift */ = {isa = PBXFileReference; lastKnownFileType = sourcecode.swift; name = FontLibrary.swift; path = Serabutan/Components/Styling/FontLibrary.swift; sourceTree = SOURCE_ROOT; };
		B5280E9AC63B1FC4AC9E66C0 /* Pods-Serabutan.debug.xcconfig */ = {isa = PBXFileReference; includeInIndex = 1; lastKnownFileType = text.xcconfig; name = "Pods-Serabutan.debug.xcconfig"; path = "Target Support Files/Pods-Serabutan/Pods-Serabutan.debug.xcconfig"; sourceTree = "<group>"; };
		C7377C5B26B981C5004A8C28 /* LeftAlignedCollectionViewFlowLayout.swift */ = {isa = PBXFileReference; lastKnownFileType = sourcecode.swift; name = LeftAlignedCollectionViewFlowLayout.swift; path = Serabutan/Features/View/NewAssistance/TestCell/Helper/LeftAlignedCollectionViewFlowLayout.swift; sourceTree = SOURCE_ROOT; };
		C7377C5D26B98A72004A8C28 /* CollectionViewAutoLayout.swift */ = {isa = PBXFileReference; lastKnownFileType = sourcecode.swift; name = CollectionViewAutoLayout.swift; path = Serabutan/Features/View/NewAssistance/TestCell/Helper/CollectionViewAutoLayout.swift; sourceTree = SOURCE_ROOT; };
		C7377C5F26B98B42004A8C28 /* CustomViewFlowLayout.swift */ = {isa = PBXFileReference; lastKnownFileType = sourcecode.swift; name = CustomViewFlowLayout.swift; path = Serabutan/Features/View/NewAssistance/TestCell/Helper/CustomViewFlowLayout.swift; sourceTree = SOURCE_ROOT; };
		C742289D26B9B10D003DD169 /* NewAssistanceExtension.swift */ = {isa = PBXFileReference; lastKnownFileType = sourcecode.swift; name = NewAssistanceExtension.swift; path = Serabutan/Features/View/NewAssistance/NewAssistanceExtension.swift; sourceTree = SOURCE_ROOT; };
		C742289F26BA3E9F003DD169 /* ActivityVC.swift */ = {isa = PBXFileReference; lastKnownFileType = sourcecode.swift; name = ActivityVC.swift; path = Serabutan/Features/View/NewAssistance/ActivityVC.swift; sourceTree = SOURCE_ROOT; };
		C74228A026BA3E9F003DD169 /* ActivityVC.xib */ = {isa = PBXFileReference; lastKnownFileType = file.xib; name = ActivityVC.xib; path = Serabutan/Features/View/NewAssistance/ActivityVC.xib; sourceTree = SOURCE_ROOT; };
		C74228A526BA3ECF003DD169 /* OngoingActivityVC.swift */ = {isa = PBXFileReference; lastKnownFileType = sourcecode.swift; name = OngoingActivityVC.swift; path = Serabutan/Features/View/Activity/Ongoing/OngoingActivityVC.swift; sourceTree = SOURCE_ROOT; };
		C74228A626BA3ECF003DD169 /* OngoingActivityVC.xib */ = {isa = PBXFileReference; lastKnownFileType = file.xib; name = OngoingActivityVC.xib; path = Serabutan/Features/View/Activity/Ongoing/OngoingActivityVC.xib; sourceTree = SOURCE_ROOT; };
		C74228A926BA3EE8003DD169 /* HistoryActivityVC.swift */ = {isa = PBXFileReference; lastKnownFileType = sourcecode.swift; name = HistoryActivityVC.swift; path = Serabutan/Features/View/Activity/History/HistoryActivityVC.swift; sourceTree = SOURCE_ROOT; };
		C74228AA26BA3EE8003DD169 /* HistoryActivityVC.xib */ = {isa = PBXFileReference; lastKnownFileType = file.xib; name = HistoryActivityVC.xib; path = Serabutan/Features/View/Activity/History/HistoryActivityVC.xib; sourceTree = SOURCE_ROOT; };
		C744D7DD26B2D324009E36B7 /* AssistanceTableViewStyling.swift */ = {isa = PBXFileReference; lastKnownFileType = sourcecode.swift; name = AssistanceTableViewStyling.swift; path = Serabutan/Features/View/ListBantuan/Cell/AssistanceCell/AssistanceTableViewStyling.swift; sourceTree = SOURCE_ROOT; };
		C744D7E326B2DA49009E36B7 /* FilterPopUpVC.swift */ = {isa = PBXFileReference; lastKnownFileType = sourcecode.swift; name = FilterPopUpVC.swift; path = Serabutan/Features/View/ListBantuan/Cell/Filter/FilterPopUpVC.swift; sourceTree = SOURCE_ROOT; };
		C744D7E426B2DA49009E36B7 /* FilterPopUpVC.xib */ = {isa = PBXFileReference; lastKnownFileType = file.xib; name = FilterPopUpVC.xib; path = Serabutan/Features/View/ListBantuan/Cell/Filter/FilterPopUpVC.xib; sourceTree = SOURCE_ROOT; };
		C744D7E726B2F127009E36B7 /* FilterPopUpConfig.swift */ = {isa = PBXFileReference; lastKnownFileType = sourcecode.swift; name = FilterPopUpConfig.swift; path = Serabutan/Features/View/ListBantuan/Cell/Filter/FilterPopUpConfig.swift; sourceTree = SOURCE_ROOT; };
		C75E13EB26B85917007BEF41 /* AssistanceListConfig.swift */ = {isa = PBXFileReference; lastKnownFileType = sourcecode.swift; name = AssistanceListConfig.swift; path = Serabutan/Features/View/ListBantuan/AssistanceListConfig.swift; sourceTree = SOURCE_ROOT; };
		C75E13F326B906BC007BEF41 /* TagCell.swift */ = {isa = PBXFileReference; lastKnownFileType = sourcecode.swift; name = TagCell.swift; path = Serabutan/Features/View/NewAssistance/TestCell/TagCell.swift; sourceTree = SOURCE_ROOT; };
		C75E13F426B906BC007BEF41 /* TagCell.xib */ = {isa = PBXFileReference; lastKnownFileType = file.xib; name = TagCell.xib; path = Serabutan/Features/View/NewAssistance/TestCell/TagCell.xib; sourceTree = SOURCE_ROOT; };
		C75E13FA26B973B4007BEF41 /* FlowLayout.swift */ = {isa = PBXFileReference; lastKnownFileType = sourcecode.swift; name = FlowLayout.swift; path = Serabutan/Features/View/NewAssistance/TestCell/Helper/FlowLayout.swift; sourceTree = SOURCE_ROOT; };
		C76047BF26AF3CBB00535995 /* AssistanceListNavigationConfig.swift */ = {isa = PBXFileReference; lastKnownFileType = sourcecode.swift; name = AssistanceListNavigationConfig.swift; path = Serabutan/Features/View/ListBantuan/AssistanceListNavigationConfig.swift; sourceTree = SOURCE_ROOT; };
		C79063E526B3B40B00AE7687 /* NewAssistancePicker.swift */ = {isa = PBXFileReference; lastKnownFileType = sourcecode.swift; name = NewAssistancePicker.swift; path = ../../../../../../NewAssistancePicker.swift; sourceTree = "<group>"; };
		C79063E726B3BE7500AE7687 /* NewAssistanCollectionViewConfig.swift */ = {isa = PBXFileReference; lastKnownFileType = sourcecode.swift; name = NewAssistanCollectionViewConfig.swift; path = Serabutan/Features/View/NewAssistance/NewAssistanCollectionViewConfig.swift; sourceTree = SOURCE_ROOT; };
		C7CCC24326B199DD0005FFE3 /* NewAssistanceVC.swift */ = {isa = PBXFileReference; lastKnownFileType = sourcecode.swift; name = NewAssistanceVC.swift; path = Serabutan/Features/View/NewAssistance/NewAssistanceVC.swift; sourceTree = SOURCE_ROOT; };
		C7CCC24426B199DD0005FFE3 /* NewAssistanceVC.xib */ = {isa = PBXFileReference; lastKnownFileType = file.xib; name = NewAssistanceVC.xib; path = Serabutan/Features/View/NewAssistance/NewAssistanceVC.xib; sourceTree = SOURCE_ROOT; };
		C7CCC24726B19A660005FFE3 /* NewAssistanceStyle.swift */ = {isa = PBXFileReference; lastKnownFileType = sourcecode.swift; name = NewAssistanceStyle.swift; path = Serabutan/Features/View/NewAssistance/NewAssistanceStyle.swift; sourceTree = SOURCE_ROOT; };
		C7CCC24A26B1DB590005FFE3 /* AssistanceListVC.swift */ = {isa = PBXFileReference; lastKnownFileType = sourcecode.swift; name = AssistanceListVC.swift; path = Serabutan/Features/View/ListBantuan/AssistanceListVC.swift; sourceTree = SOURCE_ROOT; };
		C7CCC24B26B1DB590005FFE3 /* AssistanceListVC.xib */ = {isa = PBXFileReference; lastKnownFileType = file.xib; name = AssistanceListVC.xib; path = Serabutan/Features/View/ListBantuan/AssistanceListVC.xib; sourceTree = SOURCE_ROOT; };
		C7CCC24E26B1DBD80005FFE3 /* AssistanceTableViewCell.swift */ = {isa = PBXFileReference; lastKnownFileType = sourcecode.swift; name = AssistanceTableViewCell.swift; path = Serabutan/Features/View/ListBantuan/Cell/AssistanceCell/AssistanceTableViewCell.swift; sourceTree = SOURCE_ROOT; };
		C7CCC24F26B1DBD80005FFE3 /* AssistanceTableViewCell.xib */ = {isa = PBXFileReference; lastKnownFileType = file.xib; name = AssistanceTableViewCell.xib; path = Serabutan/Features/View/ListBantuan/Cell/AssistanceCell/AssistanceTableViewCell.xib; sourceTree = SOURCE_ROOT; };
		C7CCC25226B2490F0005FFE3 /* AssistanceListTableConfig.swift */ = {isa = PBXFileReference; lastKnownFileType = sourcecode.swift; name = AssistanceListTableConfig.swift; path = Serabutan/Features/View/ListBantuan/AssistanceListTableConfig.swift; sourceTree = SOURCE_ROOT; };
		C7CCC25426B26CFA0005FFE3 /* AssistanceTableConfig.swift */ = {isa = PBXFileReference; lastKnownFileType = sourcecode.swift; name = AssistanceTableConfig.swift; path = Serabutan/Features/View/ListBantuan/Cell/AssistanceCell/AssistanceTableConfig.swift; sourceTree = SOURCE_ROOT; };
		C7D7AE4126AC97F1000478AA /* TagCollectionViewCell.swift */ = {isa = PBXFileReference; lastKnownFileType = sourcecode.swift; name = TagCollectionViewCell.swift; path = Serabutan/Features/View/ListBantuan/Cell/TagCell/TagCollectionViewCell.swift; sourceTree = SOURCE_ROOT; };
		C7D7AE4226AC97F1000478AA /* TagCollectionViewCell.xib */ = {isa = PBXFileReference; lastKnownFileType = file.xib; name = TagCollectionViewCell.xib; path = Serabutan/Features/View/ListBantuan/Cell/TagCell/TagCollectionViewCell.xib; sourceTree = SOURCE_ROOT; };
		C7D7AE4526AE4E83000478AA /* Enum.swift */ = {isa = PBXFileReference; lastKnownFileType = sourcecode.swift; name = Enum.swift; path = Serabutan/Features/View/ListBantuan/Cell/TagCell/Enum.swift; sourceTree = SOURCE_ROOT; };
		C7D7AE4726AE5040000478AA /* BantuanModel.swift */ = {isa = PBXFileReference; lastKnownFileType = sourcecode.swift; name = BantuanModel.swift; path = Serabutan/Features/View/ListBantuan/Cell/TagCell/BantuanModel.swift; sourceTree = SOURCE_ROOT; };
		FC9D7DBC44E66EA83F59169B /* Pods_Serabutan.framework */ = {isa = PBXFileReference; explicitFileType = wrapper.framework; includeInIndex = 0; path = Pods_Serabutan.framework; sourceTree = BUILT_PRODUCTS_DIR; };
		C7FE979926BA65F900B27160 /* StringFormatter.swift */ = {isa = PBXFileReference; lastKnownFileType = sourcecode.swift; name = StringFormatter.swift; path = Serabutan/Helper/StringFormatter.swift; sourceTree = SOURCE_ROOT; };
		DCCC8D7519FAA9E448178580 /* Pods-Serabutan.release.xcconfig */ = {isa = PBXFileReference; includeInIndex = 1; lastKnownFileType = text.xcconfig; name = "Pods-Serabutan.release.xcconfig"; path = "Target Support Files/Pods-Serabutan/Pods-Serabutan.release.xcconfig"; sourceTree = "<group>"; };
/* End PBXFileReference section */

/* Begin PBXFrameworksBuildPhase section */
		185D12B426A7C09000F6105C /* Frameworks */ = {
			isa = PBXFrameworksBuildPhase;
			buildActionMask = 2147483647;
			files = (
				25E12764C12E9A95857C67A9 /* Pods_Serabutan.framework in Frameworks */,
			);
			runOnlyForDeploymentPostprocessing = 0;
		};
/* End PBXFrameworksBuildPhase section */

/* Begin PBXGroup section */
		1853413E26AC445D0027C0F3 /* Components */ = {
			isa = PBXGroup;
			children = (
				90F3A4E226B9109F001946E1 /* Styling */,
				1853413F26AC44770027C0F3 /* MapKitAnnotation */,
			);
			path = Components;
			sourceTree = "<group>";
		};
		1853413F26AC44770027C0F3 /* MapKitAnnotation */ = {
			isa = PBXGroup;
			children = (
				1853414026AC46EF0027C0F3 /* MapKitAnnotationCellViewController.swift */,
				1853414126AC46EF0027C0F3 /* MapKitAnnotationCellViewController.xib */,
				1853414626AC68F90027C0F3 /* DummyCollectionViewCell.swift */,
				1853414726AC68F90027C0F3 /* DummyCollectionViewCell.xib */,
			);
			path = MapKitAnnotation;
			sourceTree = "<group>";
		};
		185D12AE26A7C09000F6105C = {
			isa = PBXGroup;
			children = (
				185D12B926A7C09000F6105C /* serabutan */,
				185D12B826A7C09000F6105C /* Products */,
				9758A392095AD71ADA30D234 /* Pods */,
				BBB17BC4925ACD1E037ACBF7 /* Frameworks */,
			);
			sourceTree = "<group>";
		};
		185D12B826A7C09000F6105C /* Products */ = {
			isa = PBXGroup;
			children = (
				185D12B726A7C09000F6105C /* Serabutan.app */,
			);
			name = Products;
			sourceTree = "<group>";
		};
		185D12B926A7C09000F6105C /* serabutan */ = {
			isa = PBXGroup;
			children = (
				189FC4A826B6974B00662C88 /* Service */,
				1853413E26AC445D0027C0F3 /* Components */,
				185D12DA26A7C25A00F6105C /* Resources */,
				185D12D926A7C25000F6105C /* Helper */,
				185D12D826A7C24800F6105C /* App */,
				185D12CE26A7C0DF00F6105C /* Features */,
			);
			path = serabutan;
			sourceTree = "<group>";
		};
		185D12CE26A7C0DF00F6105C /* Features */ = {
			isa = PBXGroup;
			children = (
				185D12D326A7C13A00F6105C /* ViewModel */,
				185D12D126A7C12700F6105C /* Model */,
				185D12D026A7C10500F6105C /* View */,
			);
			path = Features;
			sourceTree = "<group>";
		};
		185D12D026A7C10500F6105C /* View */ = {
			isa = PBXGroup;
			children = (
				C7D7AE3526AC969E000478AA /* ListBantuan */,
				79A523FB26B71274000892D8 /* RatingReview */,
				C78982EC26A7E5F300EB95B1 /* Login */,
				C78982EB26A7E5EC00EB95B1 /* SignUp */,
				C78982EA26A7E5B700EB95B1 /* Profile */,
				C78982E926A7E57400EB95B1 /* Notification */,
				C78982E826A7E56800EB95B1 /* Activity */,
				C78982E726A7E54B00EB95B1 /* NewAssistance */,
				C78982E626A7E44C00EB95B1 /* Home */,
			);
			path = View;
			sourceTree = "<group>";
		};
		185D12D126A7C12700F6105C /* Model */ = {
			isa = PBXGroup;
			children = (
				C7D7AE4726AE5040000478AA /* BantuanModel.swift */,
				1853414426AC472C0027C0F3 /* Job.swift */,
				907F9DCE26B6625A00EF9F51 /* Review.swift */,
				9083DB1B26B7B4DF00D1E75F /* ProfileStatistic.swift */,
				9083DB1926B7B27300D1E75F /* UserProfile.swift */,
				907F9DD026B6A92E00EF9F51 /* DummyData.swift */,
			);
			path = Model;
			sourceTree = "<group>";
		};
		185D12D326A7C13A00F6105C /* ViewModel */ = {
			isa = PBXGroup;
			children = (
				18B7273326B90F760005DBCA /* HomeVM.swift */,
			);
			path = ViewModel;
			sourceTree = "<group>";
		};
		185D12D826A7C24800F6105C /* App */ = {
			isa = PBXGroup;
			children = (
				185D12BA26A7C09000F6105C /* AppDelegate.swift */,
				185D12BC26A7C09000F6105C /* SceneDelegate.swift */,
			);
			path = App;
			sourceTree = "<group>";
		};
		185D12D926A7C25000F6105C /* Helper */ = {
			isa = PBXGroup;
			children = (
				C7D7AE4526AE4E83000478AA /* Enum.swift */,
				1853413C26AC23470027C0F3 /* UIImageExt.swift */,
				9083DB1726B7913B00D1E75F /* ImageHelper.swift */,
				1854605226AD2AB000ABCF84 /* Utility.swift */,
				189FC4AC26B69D5500662C88 /* Constant.swift */,
				C7FE979926BA65F900B27160 /* StringFormatter.swift */,
			);
			path = Helper;
			sourceTree = "<group>";
		};
		185D12DA26A7C25A00F6105C /* Resources */ = {
			isa = PBXGroup;
			children = (
				185D12C326A7C09100F6105C /* Assets.xcassets */,
				185D12C526A7C09100F6105C /* LaunchScreen.storyboard */,
				185D12C826A7C09100F6105C /* Info.plist */,
			);
			path = Resources;
			sourceTree = "<group>";
		};
		189FC4A826B6974B00662C88 /* Service */ = {
			isa = PBXGroup;
			children = (
				189FC4A926B6976C00662C88 /* Network */,
			);
			path = Service;
			sourceTree = "<group>";
		};
		189FC4A926B6976C00662C88 /* Network */ = {
			isa = PBXGroup;
			children = (
				189FC4AA26B69B9000662C88 /* Network.swift */,
			);
			path = Network;
			sourceTree = "<group>";
		};
		79A523FB26B71274000892D8 /* RatingReview */ = {
			isa = PBXGroup;
			children = (
				79E67E7726B1B2410009F3C6 /* RatingReviewVC.xib */,
				79E67E7626B1B2410009F3C6 /* RatingReviewVC.swift */,
			);
			path = RatingReview;
			sourceTree = "<group>";
		};
		90F3A4E226B9109F001946E1 /* Styling */ = {
			isa = PBXGroup;
			children = (
				907F9DCA26B6515B00EF9F51 /* ColorLibrary.swift */,
				907F9DCC26B65C8200EF9F51 /* CustomBorder.swift */,
				90DCB12E26B6EAC4002145C1 /* CustomStackView.swift */,
				90F3A4E026B8E404001946E1 /* FontLibrary.swift */,
			);
			path = Styling;
			sourceTree = "<group>";
		};
		9758A392095AD71ADA30D234 /* Pods */ = {
			isa = PBXGroup;
			children = (
				B5280E9AC63B1FC4AC9E66C0 /* Pods-Serabutan.debug.xcconfig */,
				8CE000EDDAF48E365323C7C4 /* Pods-Serabutan.release.xcconfig */,
			);
			path = Pods;
			sourceTree = "<group>";
		};
		BBB17BC4925ACD1E037ACBF7 /* Frameworks */ = {
			isa = PBXGroup;
			children = (
				FC9D7DBC44E66EA83F59169B /* Pods_Serabutan.framework */,
			);
			name = Frameworks;
			sourceTree = "<group>";
		};
		C74228A326BA3EAA003DD169 /* Ongoing */ = {
			isa = PBXGroup;
			children = (
				C74228A526BA3ECF003DD169 /* OngoingActivityVC.swift */,
				C74228A626BA3ECF003DD169 /* OngoingActivityVC.xib */,
			);
			path = Ongoing;
			sourceTree = "<group>";
		};
		C74228A426BA3EB1003DD169 /* History */ = {
			isa = PBXGroup;
			children = (
				C74228A926BA3EE8003DD169 /* HistoryActivityVC.swift */,
				C74228AA26BA3EE8003DD169 /* HistoryActivityVC.xib */,
			);
			path = History;
			sourceTree = "<group>";
		};
		C744D7E026B2D9B1009E36B7 /* Filter */ = {
			isa = PBXGroup;
			children = (
				C744D7E326B2DA49009E36B7 /* FilterPopUpVC.swift */,
				C744D7E726B2F127009E36B7 /* FilterPopUpConfig.swift */,
				C744D7E426B2DA49009E36B7 /* FilterPopUpVC.xib */,
			);
			path = Filter;
			sourceTree = "<group>";
		};
		C75E13ED26B9056D007BEF41 /* TestCell */ = {
			isa = PBXGroup;
			children = (
				C75E13F726B96D4A007BEF41 /* Helper */,
				C75E13F326B906BC007BEF41 /* TagCell.swift */,
				C75E13F426B906BC007BEF41 /* TagCell.xib */,
			);
			path = TestCell;
			sourceTree = "<group>";
		};
		C75E13F726B96D4A007BEF41 /* Helper */ = {
			isa = PBXGroup;
			children = (
				C7377C5B26B981C5004A8C28 /* LeftAlignedCollectionViewFlowLayout.swift */,
				C75E13FA26B973B4007BEF41 /* FlowLayout.swift */,
				C7377C5D26B98A72004A8C28 /* CollectionViewAutoLayout.swift */,
				C7377C5F26B98B42004A8C28 /* CustomViewFlowLayout.swift */,
			);
			path = Helper;
			sourceTree = "<group>";
		};
		C78982E626A7E44C00EB95B1 /* Home */ = {
			isa = PBXGroup;
			children = (
				18BEF23B26A911E10029CEA1 /* HomeVC.swift */,
				18BEF23C26A911E10029CEA1 /* HomeVC.xib */,
			);
			path = Home;
			sourceTree = "<group>";
		};
		C78982E726A7E54B00EB95B1 /* NewAssistance */ = {
			isa = PBXGroup;
			children = (
				C75E13ED26B9056D007BEF41 /* TestCell */,
				C7CCC24326B199DD0005FFE3 /* NewAssistanceVC.swift */,
				C742289D26B9B10D003DD169 /* NewAssistanceExtension.swift */,
				C7CCC24426B199DD0005FFE3 /* NewAssistanceVC.xib */,
				C7CCC24726B19A660005FFE3 /* NewAssistanceStyle.swift */,
				C79063E526B3B40B00AE7687 /* NewAssistancePicker.swift */,
				C79063E726B3BE7500AE7687 /* NewAssistanCollectionViewConfig.swift */,
			);
			path = NewAssistance;
			sourceTree = "<group>";
		};
		C78982E826A7E56800EB95B1 /* Activity */ = {
			isa = PBXGroup;
			children = (
				C742289F26BA3E9F003DD169 /* ActivityVC.swift */,
				C74228A026BA3E9F003DD169 /* ActivityVC.xib */,
				C74228A326BA3EAA003DD169 /* Ongoing */,
				C74228A426BA3EB1003DD169 /* History */,
			);
			path = Activity;
			sourceTree = "<group>";
		};
		C78982E926A7E57400EB95B1 /* Notification */ = {
			isa = PBXGroup;
			children = (
			);
			path = Notification;
			sourceTree = "<group>";
		};
		C78982EA26A7E5B700EB95B1 /* Profile */ = {
			isa = PBXGroup;
			children = (
				90584E1E26B274A7004C225B /* ProfileVC.swift */,
				90584E1F26B274A7004C225B /* ProfileVC.xib */,
				907F9DD226B6C5ED00EF9F51 /* EditProfileVC.swift */,
				907F9DD326B6C5ED00EF9F51 /* EditProfileVC.xib */,
				90E9C98626B39DE500165319 /* ReviewTableViewCell.swift */,
				90E9C98726B39DE500165319 /* ReviewTableViewCell.xib */,
			);
			path = Profile;
			sourceTree = "<group>";
		};
		C78982EB26A7E5EC00EB95B1 /* SignUp */ = {
			isa = PBXGroup;
			children = (
			);
			path = SignUp;
			sourceTree = "<group>";
		};
		C78982EC26A7E5F300EB95B1 /* Login */ = {
			isa = PBXGroup;
			children = (
			);
			path = Login;
			sourceTree = "<group>";
		};
		C7D7AE3526AC969E000478AA /* ListBantuan */ = {
			isa = PBXGroup;
			children = (
				C7CCC24A26B1DB590005FFE3 /* AssistanceListVC.swift */,
				C75E13EB26B85917007BEF41 /* AssistanceListConfig.swift */,
				C7CCC25226B2490F0005FFE3 /* AssistanceListTableConfig.swift */,
				C7CCC24B26B1DB590005FFE3 /* AssistanceListVC.xib */,
				C76047BF26AF3CBB00535995 /* AssistanceListNavigationConfig.swift */,
				C7D7AE3626AC96CA000478AA /* Cell */,
			);
			path = ListBantuan;
			sourceTree = "<group>";
		};
		C7D7AE3626AC96CA000478AA /* Cell */ = {
			isa = PBXGroup;
			children = (
				C744D7E026B2D9B1009E36B7 /* Filter */,
				C7D7AE3826AC9735000478AA /* AssistanceCell */,
				C7D7AE3726AC9728000478AA /* TagCell */,
			);
			path = Cell;
			sourceTree = "<group>";
		};
		C7D7AE3726AC9728000478AA /* TagCell */ = {
			isa = PBXGroup;
			children = (
				C7D7AE4126AC97F1000478AA /* TagCollectionViewCell.swift */,
				C7D7AE4226AC97F1000478AA /* TagCollectionViewCell.xib */,
			);
			path = TagCell;
			sourceTree = "<group>";
		};
		C7D7AE3826AC9735000478AA /* AssistanceCell */ = {
			isa = PBXGroup;
			children = (
				C7CCC24E26B1DBD80005FFE3 /* AssistanceTableViewCell.swift */,
				C7CCC25426B26CFA0005FFE3 /* AssistanceTableConfig.swift */,
				C744D7DD26B2D324009E36B7 /* AssistanceTableViewStyling.swift */,
				C7CCC24F26B1DBD80005FFE3 /* AssistanceTableViewCell.xib */,
			);
			path = AssistanceCell;
			sourceTree = "<group>";
		};
/* End PBXGroup section */

/* Begin PBXNativeTarget section */
		185D12B626A7C09000F6105C /* Serabutan */ = {
			isa = PBXNativeTarget;
			buildConfigurationList = 185D12CB26A7C09100F6105C /* Build configuration list for PBXNativeTarget "Serabutan" */;
			buildPhases = (
				841132F8882E81E8D3E68A9D /* [CP] Check Pods Manifest.lock */,
				185D12B326A7C09000F6105C /* Sources */,
				185D12B426A7C09000F6105C /* Frameworks */,
				185D12B526A7C09000F6105C /* Resources */,
				375F392DD854073D8EA02817 /* [CP] Embed Pods Frameworks */,
			);
			buildRules = (
			);
			dependencies = (
			);
			name = Serabutan;
			productName = serabutan;
			productReference = 185D12B726A7C09000F6105C /* Serabutan.app */;
			productType = "com.apple.product-type.application";
		};
/* End PBXNativeTarget section */

/* Begin PBXProject section */
		185D12AF26A7C09000F6105C /* Project object */ = {
			isa = PBXProject;
			attributes = {
				LastSwiftUpdateCheck = 1250;
				LastUpgradeCheck = 1250;
				TargetAttributes = {
					185D12B626A7C09000F6105C = {
						CreatedOnToolsVersion = 12.5;
					};
				};
			};
			buildConfigurationList = 185D12B226A7C09000F6105C /* Build configuration list for PBXProject "Serabutan" */;
			compatibilityVersion = "Xcode 9.3";
			developmentRegion = en;
			hasScannedForEncodings = 0;
			knownRegions = (
				en,
				Base,
			);
			mainGroup = 185D12AE26A7C09000F6105C;
			productRefGroup = 185D12B826A7C09000F6105C /* Products */;
			projectDirPath = "";
			projectRoot = "";
			targets = (
				185D12B626A7C09000F6105C /* Serabutan */,
			);
		};
/* End PBXProject section */

/* Begin PBXResourcesBuildPhase section */
		185D12B526A7C09000F6105C /* Resources */ = {
			isa = PBXResourcesBuildPhase;
			buildActionMask = 2147483647;
			files = (
				C74228A226BA3E9F003DD169 /* ActivityVC.xib in Resources */,
				185D12C726A7C09100F6105C /* LaunchScreen.storyboard in Resources */,
				C7D7AE4426AC97F1000478AA /* TagCollectionViewCell.xib in Resources */,
				C75E13F626B906BC007BEF41 /* TagCell.xib in Resources */,
				C7CCC24D26B1DB590005FFE3 /* AssistanceListVC.xib in Resources */,
				18BEF23E26A911E10029CEA1 /* HomeVC.xib in Resources */,
				C7CCC24626B199DD0005FFE3 /* NewAssistanceVC.xib in Resources */,
				185D12C426A7C09100F6105C /* Assets.xcassets in Resources */,
				90E9C98926B39DE500165319 /* ReviewTableViewCell.xib in Resources */,
				907F9DD526B6C5ED00EF9F51 /* EditProfileVC.xib in Resources */,
				1853414326AC46EF0027C0F3 /* MapKitAnnotationCellViewController.xib in Resources */,
				90584E2126B274A7004C225B /* ProfileVC.xib in Resources */,
				1853414926AC68F90027C0F3 /* DummyCollectionViewCell.xib in Resources */,
				C744D7E626B2DA49009E36B7 /* FilterPopUpVC.xib in Resources */,
				1853414326AC46EF0027C0F3 /* MapKitAnnotationCellViewController.xib in Resources */,
				C74228A826BA3ECF003DD169 /* OngoingActivityVC.xib in Resources */,
				C7CCC25126B1DBD80005FFE3 /* AssistanceTableViewCell.xib in Resources */,
				C74228AC26BA3EE8003DD169 /* HistoryActivityVC.xib in Resources */,
				79E67E7926B1B2410009F3C6 /* RatingReviewVC.xib in Resources */,
			);
			runOnlyForDeploymentPostprocessing = 0;
		};
/* End PBXResourcesBuildPhase section */

/* Begin PBXShellScriptBuildPhase section */
		375F392DD854073D8EA02817 /* [CP] Embed Pods Frameworks */ = {
			isa = PBXShellScriptBuildPhase;
			buildActionMask = 2147483647;
			files = (
			);
			inputFileListPaths = (
				"${PODS_ROOT}/Target Support Files/Pods-Serabutan/Pods-Serabutan-frameworks-${CONFIGURATION}-input-files.xcfilelist",
			);
			name = "[CP] Embed Pods Frameworks";
			outputFileListPaths = (
				"${PODS_ROOT}/Target Support Files/Pods-Serabutan/Pods-Serabutan-frameworks-${CONFIGURATION}-output-files.xcfilelist",
			);
			runOnlyForDeploymentPostprocessing = 0;
			shellPath = /bin/sh;
			shellScript = "\"${PODS_ROOT}/Target Support Files/Pods-Serabutan/Pods-Serabutan-frameworks.sh\"\n";
			showEnvVarsInLog = 0;
		};
		841132F8882E81E8D3E68A9D /* [CP] Check Pods Manifest.lock */ = {
			isa = PBXShellScriptBuildPhase;
			buildActionMask = 2147483647;
			files = (
			);
			inputFileListPaths = (
			);
			inputPaths = (
				"${PODS_PODFILE_DIR_PATH}/Podfile.lock",
				"${PODS_ROOT}/Manifest.lock",
			);
			name = "[CP] Check Pods Manifest.lock";
			outputFileListPaths = (
			);
			outputPaths = (
				"$(DERIVED_FILE_DIR)/Pods-Serabutan-checkManifestLockResult.txt",
			);
			runOnlyForDeploymentPostprocessing = 0;
			shellPath = /bin/sh;
			shellScript = "diff \"${PODS_PODFILE_DIR_PATH}/Podfile.lock\" \"${PODS_ROOT}/Manifest.lock\" > /dev/null\nif [ $? != 0 ] ; then\n    # print error to STDERR\n    echo \"error: The sandbox is not in sync with the Podfile.lock. Run 'pod install' or update your CocoaPods installation.\" >&2\n    exit 1\nfi\n# This output is used by Xcode 'outputs' to avoid re-running this script phase.\necho \"SUCCESS\" > \"${SCRIPT_OUTPUT_FILE_0}\"\n";
			showEnvVarsInLog = 0;
		};
/* End PBXShellScriptBuildPhase section */

/* Begin PBXSourcesBuildPhase section */
		185D12B326A7C09000F6105C /* Sources */ = {
			isa = PBXSourcesBuildPhase;
			buildActionMask = 2147483647;
			files = (
				90DCB12F26B6EAC4002145C1 /* CustomStackView.swift in Sources */,
				907F9DD126B6A92E00EF9F51 /* DummyData.swift in Sources */,
				90F3A4E126B8E404001946E1 /* FontLibrary.swift in Sources */,
				C74228A726BA3ECF003DD169 /* OngoingActivityVC.swift in Sources */,
				C74228AB26BA3EE8003DD169 /* HistoryActivityVC.swift in Sources */,
				9083DB1C26B7B4DF00D1E75F /* ProfileStatistic.swift in Sources */,
				18BEF23D26A911E10029CEA1 /* HomeVC.swift in Sources */,
				90E9C98826B39DE500165319 /* ReviewTableViewCell.swift in Sources */,
				907F9DCD26B65C8200EF9F51 /* CustomBorder.swift in Sources */,
				C744D7E526B2DA49009E36B7 /* FilterPopUpVC.swift in Sources */,
				C7CCC25326B2490F0005FFE3 /* AssistanceListTableConfig.swift in Sources */,
				18B7273426B90F760005DBCA /* HomeVM.swift in Sources */,
				C7CCC25026B1DBD80005FFE3 /* AssistanceTableViewCell.swift in Sources */,
				1853414526AC472C0027C0F3 /* Job.swift in Sources */,
				90584E2026B274A7004C225B /* ProfileVC.swift in Sources */,
				907F9DD426B6C5ED00EF9F51 /* EditProfileVC.swift in Sources */,
				1853413D26AC23470027C0F3 /* UIImageExt.swift in Sources */,
				C75E13FB26B973B4007BEF41 /* FlowLayout.swift in Sources */,
				1853414226AC46EF0027C0F3 /* MapKitAnnotationCellViewController.swift in Sources */,
				C7CCC24526B199DD0005FFE3 /* NewAssistanceVC.swift in Sources */,
				185D12BB26A7C09000F6105C /* AppDelegate.swift in Sources */,
				C79063E626B3B40B00AE7687 /* NewAssistancePicker.swift in Sources */,
				C7377C5C26B981C5004A8C28 /* LeftAlignedCollectionViewFlowLayout.swift in Sources */,
				C7CCC24826B19A660005FFE3 /* NewAssistanceStyle.swift in Sources */,
				C7D7AE4326AC97F1000478AA /* TagCollectionViewCell.swift in Sources */,
				C7D7AE4626AE4E83000478AA /* Enum.swift in Sources */,
				C7377C5E26B98A72004A8C28 /* CollectionViewAutoLayout.swift in Sources */,
				C75E13F526B906BC007BEF41 /* TagCell.swift in Sources */,
				185D12BD26A7C09000F6105C /* SceneDelegate.swift in Sources */,
				C76047C026AF3CBB00535995 /* AssistanceListNavigationConfig.swift in Sources */,
				C79063E826B3BE7500AE7687 /* NewAssistanCollectionViewConfig.swift in Sources */,
				C742289E26B9B10D003DD169 /* NewAssistanceExtension.swift in Sources */,
				C7D7AE4826AE5040000478AA /* BantuanModel.swift in Sources */,
				C7377C6026B98B42004A8C28 /* CustomViewFlowLayout.swift in Sources */,
				907F9DCF26B6625A00EF9F51 /* Review.swift in Sources */,
				907F9DCB26B6515B00EF9F51 /* ColorLibrary.swift in Sources */,
				9083DB1826B7913B00D1E75F /* ImageHelper.swift in Sources */,
				9083DB1A26B7B27300D1E75F /* UserProfile.swift in Sources */,
				1853414226AC46EF0027C0F3 /* MapKitAnnotationCellViewController.swift in Sources */,
				1854605326AD2AB000ABCF84 /* Utility.swift in Sources */,
				189FC4AB26B69B9000662C88 /* Network.swift in Sources */,
				C74228A126BA3E9F003DD169 /* ActivityVC.swift in Sources */,
				1853414826AC68F90027C0F3 /* DummyCollectionViewCell.swift in Sources */,
				189FC4AD26B69D5500662C88 /* Constant.swift in Sources */,
				185D12BB26A7C09000F6105C /* AppDelegate.swift in Sources */,
				C7FE979A26BA65F900B27160 /* StringFormatter.swift in Sources */,
				C7D7AE4326AC97F1000478AA /* TagCollectionViewCell.swift in Sources */,
				C7D7AE4626AE4E83000478AA /* Enum.swift in Sources */,
				C744D7E826B2F127009E36B7 /* FilterPopUpConfig.swift in Sources */,
				C75E13EC26B85917007BEF41 /* AssistanceListConfig.swift in Sources */,
				185D12BD26A7C09000F6105C /* SceneDelegate.swift in Sources */,
				C7CCC25526B26CFA0005FFE3 /* AssistanceTableConfig.swift in Sources */,
				C76047C026AF3CBB00535995 /* AssistanceListNavigationConfig.swift in Sources */,
				C744D7DE26B2D324009E36B7 /* AssistanceTableViewStyling.swift in Sources */,
				C7D7AE4826AE5040000478AA /* BantuanModel.swift in Sources */,
				C7CCC24C26B1DB590005FFE3 /* AssistanceListVC.swift in Sources */,
				79E67E7826B1B2410009F3C6 /* RatingReviewVC.swift in Sources */,
			);
			runOnlyForDeploymentPostprocessing = 0;
		};
/* End PBXSourcesBuildPhase section */

/* Begin PBXVariantGroup section */
		185D12C526A7C09100F6105C /* LaunchScreen.storyboard */ = {
			isa = PBXVariantGroup;
			children = (
				185D12C626A7C09100F6105C /* Base */,
			);
			name = LaunchScreen.storyboard;
			sourceTree = "<group>";
		};
/* End PBXVariantGroup section */

/* Begin XCBuildConfiguration section */
		185D12C926A7C09100F6105C /* Debug */ = {
			isa = XCBuildConfiguration;
			buildSettings = {
				ALWAYS_SEARCH_USER_PATHS = NO;
				CLANG_ANALYZER_NONNULL = YES;
				CLANG_ANALYZER_NUMBER_OBJECT_CONVERSION = YES_AGGRESSIVE;
				CLANG_CXX_LANGUAGE_STANDARD = "gnu++14";
				CLANG_CXX_LIBRARY = "libc++";
				CLANG_ENABLE_MODULES = YES;
				CLANG_ENABLE_OBJC_ARC = YES;
				CLANG_ENABLE_OBJC_WEAK = YES;
				CLANG_WARN_BLOCK_CAPTURE_AUTORELEASING = YES;
				CLANG_WARN_BOOL_CONVERSION = YES;
				CLANG_WARN_COMMA = YES;
				CLANG_WARN_CONSTANT_CONVERSION = YES;
				CLANG_WARN_DEPRECATED_OBJC_IMPLEMENTATIONS = YES;
				CLANG_WARN_DIRECT_OBJC_ISA_USAGE = YES_ERROR;
				CLANG_WARN_DOCUMENTATION_COMMENTS = YES;
				CLANG_WARN_EMPTY_BODY = YES;
				CLANG_WARN_ENUM_CONVERSION = YES;
				CLANG_WARN_INFINITE_RECURSION = YES;
				CLANG_WARN_INT_CONVERSION = YES;
				CLANG_WARN_NON_LITERAL_NULL_CONVERSION = YES;
				CLANG_WARN_OBJC_IMPLICIT_RETAIN_SELF = YES;
				CLANG_WARN_OBJC_LITERAL_CONVERSION = YES;
				CLANG_WARN_OBJC_ROOT_CLASS = YES_ERROR;
				CLANG_WARN_QUOTED_INCLUDE_IN_FRAMEWORK_HEADER = YES;
				CLANG_WARN_RANGE_LOOP_ANALYSIS = YES;
				CLANG_WARN_STRICT_PROTOTYPES = YES;
				CLANG_WARN_SUSPICIOUS_MOVE = YES;
				CLANG_WARN_UNGUARDED_AVAILABILITY = YES_AGGRESSIVE;
				CLANG_WARN_UNREACHABLE_CODE = YES;
				CLANG_WARN__DUPLICATE_METHOD_MATCH = YES;
				COPY_PHASE_STRIP = NO;
				DEBUG_INFORMATION_FORMAT = dwarf;
				ENABLE_STRICT_OBJC_MSGSEND = YES;
				ENABLE_TESTABILITY = YES;
				GCC_C_LANGUAGE_STANDARD = gnu11;
				GCC_DYNAMIC_NO_PIC = NO;
				GCC_NO_COMMON_BLOCKS = YES;
				GCC_OPTIMIZATION_LEVEL = 0;
				GCC_PREPROCESSOR_DEFINITIONS = (
					"DEBUG=1",
					"$(inherited)",
				);
				GCC_WARN_64_TO_32_BIT_CONVERSION = YES;
				GCC_WARN_ABOUT_RETURN_TYPE = YES_ERROR;
				GCC_WARN_UNDECLARED_SELECTOR = YES;
				GCC_WARN_UNINITIALIZED_AUTOS = YES_AGGRESSIVE;
				GCC_WARN_UNUSED_FUNCTION = YES;
				GCC_WARN_UNUSED_VARIABLE = YES;
				IPHONEOS_DEPLOYMENT_TARGET = 14.5;
				MTL_ENABLE_DEBUG_INFO = INCLUDE_SOURCE;
				MTL_FAST_MATH = YES;
				ONLY_ACTIVE_ARCH = YES;
				SDKROOT = iphoneos;
				SWIFT_ACTIVE_COMPILATION_CONDITIONS = DEBUG;
				SWIFT_OPTIMIZATION_LEVEL = "-Onone";
			};
			name = Debug;
		};
		185D12CA26A7C09100F6105C /* Release */ = {
			isa = XCBuildConfiguration;
			buildSettings = {
				ALWAYS_SEARCH_USER_PATHS = NO;
				CLANG_ANALYZER_NONNULL = YES;
				CLANG_ANALYZER_NUMBER_OBJECT_CONVERSION = YES_AGGRESSIVE;
				CLANG_CXX_LANGUAGE_STANDARD = "gnu++14";
				CLANG_CXX_LIBRARY = "libc++";
				CLANG_ENABLE_MODULES = YES;
				CLANG_ENABLE_OBJC_ARC = YES;
				CLANG_ENABLE_OBJC_WEAK = YES;
				CLANG_WARN_BLOCK_CAPTURE_AUTORELEASING = YES;
				CLANG_WARN_BOOL_CONVERSION = YES;
				CLANG_WARN_COMMA = YES;
				CLANG_WARN_CONSTANT_CONVERSION = YES;
				CLANG_WARN_DEPRECATED_OBJC_IMPLEMENTATIONS = YES;
				CLANG_WARN_DIRECT_OBJC_ISA_USAGE = YES_ERROR;
				CLANG_WARN_DOCUMENTATION_COMMENTS = YES;
				CLANG_WARN_EMPTY_BODY = YES;
				CLANG_WARN_ENUM_CONVERSION = YES;
				CLANG_WARN_INFINITE_RECURSION = YES;
				CLANG_WARN_INT_CONVERSION = YES;
				CLANG_WARN_NON_LITERAL_NULL_CONVERSION = YES;
				CLANG_WARN_OBJC_IMPLICIT_RETAIN_SELF = YES;
				CLANG_WARN_OBJC_LITERAL_CONVERSION = YES;
				CLANG_WARN_OBJC_ROOT_CLASS = YES_ERROR;
				CLANG_WARN_QUOTED_INCLUDE_IN_FRAMEWORK_HEADER = YES;
				CLANG_WARN_RANGE_LOOP_ANALYSIS = YES;
				CLANG_WARN_STRICT_PROTOTYPES = YES;
				CLANG_WARN_SUSPICIOUS_MOVE = YES;
				CLANG_WARN_UNGUARDED_AVAILABILITY = YES_AGGRESSIVE;
				CLANG_WARN_UNREACHABLE_CODE = YES;
				CLANG_WARN__DUPLICATE_METHOD_MATCH = YES;
				COPY_PHASE_STRIP = NO;
				DEBUG_INFORMATION_FORMAT = "dwarf-with-dsym";
				ENABLE_NS_ASSERTIONS = NO;
				ENABLE_STRICT_OBJC_MSGSEND = YES;
				GCC_C_LANGUAGE_STANDARD = gnu11;
				GCC_NO_COMMON_BLOCKS = YES;
				GCC_WARN_64_TO_32_BIT_CONVERSION = YES;
				GCC_WARN_ABOUT_RETURN_TYPE = YES_ERROR;
				GCC_WARN_UNDECLARED_SELECTOR = YES;
				GCC_WARN_UNINITIALIZED_AUTOS = YES_AGGRESSIVE;
				GCC_WARN_UNUSED_FUNCTION = YES;
				GCC_WARN_UNUSED_VARIABLE = YES;
				IPHONEOS_DEPLOYMENT_TARGET = 14.5;
				MTL_ENABLE_DEBUG_INFO = NO;
				MTL_FAST_MATH = YES;
				SDKROOT = iphoneos;
				SWIFT_COMPILATION_MODE = wholemodule;
				SWIFT_OPTIMIZATION_LEVEL = "-O";
				VALIDATE_PRODUCT = YES;
			};
			name = Release;
		};
		185D12CC26A7C09100F6105C /* Debug */ = {
			isa = XCBuildConfiguration;
			baseConfigurationReference = B5280E9AC63B1FC4AC9E66C0 /* Pods-Serabutan.debug.xcconfig */;
			buildSettings = {
				ASSETCATALOG_COMPILER_APPICON_NAME = AppIcon;
				ASSETCATALOG_COMPILER_GLOBAL_ACCENT_COLOR_NAME = AccentColor;
				CODE_SIGN_STYLE = Automatic;
				DEVELOPMENT_TEAM = S6LU55DTCY;
				INFOPLIST_FILE = "$(SRCROOT)/serabutan/Resources/Info.plist";
				LD_RUNPATH_SEARCH_PATHS = (
					"$(inherited)",
					"@executable_path/Frameworks",
				);
				PRODUCT_BUNDLE_IDENTIFIER = com.kevintanuhardi.Serabutan;
				PRODUCT_NAME = "$(TARGET_NAME)";
				SWIFT_VERSION = 5.0;
				TARGETED_DEVICE_FAMILY = "1,2";
			};
			name = Debug;
		};
		185D12CD26A7C09100F6105C /* Release */ = {
			isa = XCBuildConfiguration;
			baseConfigurationReference = 8CE000EDDAF48E365323C7C4 /* Pods-Serabutan.release.xcconfig */;
			buildSettings = {
				ASSETCATALOG_COMPILER_APPICON_NAME = AppIcon;
				ASSETCATALOG_COMPILER_GLOBAL_ACCENT_COLOR_NAME = AccentColor;
				CODE_SIGN_STYLE = Automatic;
				DEVELOPMENT_TEAM = S6LU55DTCY;
				INFOPLIST_FILE = "$(SRCROOT)/serabutan/Resources/Info.plist";
				LD_RUNPATH_SEARCH_PATHS = (
					"$(inherited)",
					"@executable_path/Frameworks",
				);
				PRODUCT_BUNDLE_IDENTIFIER = com.kevintanuhardi.Serabutan;
				PRODUCT_NAME = "$(TARGET_NAME)";
				SWIFT_VERSION = 5.0;
				TARGETED_DEVICE_FAMILY = "1,2";
			};
			name = Release;
		};
/* End XCBuildConfiguration section */

/* Begin XCConfigurationList section */
		185D12B226A7C09000F6105C /* Build configuration list for PBXProject "Serabutan" */ = {
			isa = XCConfigurationList;
			buildConfigurations = (
				185D12C926A7C09100F6105C /* Debug */,
				185D12CA26A7C09100F6105C /* Release */,
			);
			defaultConfigurationIsVisible = 0;
			defaultConfigurationName = Release;
		};
		185D12CB26A7C09100F6105C /* Build configuration list for PBXNativeTarget "Serabutan" */ = {
			isa = XCConfigurationList;
			buildConfigurations = (
				185D12CC26A7C09100F6105C /* Debug */,
				185D12CD26A7C09100F6105C /* Release */,
			);
			defaultConfigurationIsVisible = 0;
			defaultConfigurationName = Release;
		};
/* End XCConfigurationList section */
	};
	rootObject = 185D12AF26A7C09000F6105C /* Project object */;
}
